
Microsoft Visual Studio Solution File, Format Version 12.00
# Visual Studio Version 16
VisualStudioVersion = 16.0.28922.388
MinimumVisualStudioVersion = 10.0.40219.1
Project("{FAE04EC0-301F-11D3-BF4B-00C04F79EFBC}") = "ConsoleInterfaces", "ConsoleInterfaces\ConsoleInterfaces.csproj", "{6B4DDE34-F9BE-473C-8A91-594480FAB1EE}"
EndProject
Project("{FAE04EC0-301F-11D3-BF4B-00C04F79EFBC}") = "ConsoleMenuTestUit", "ConsoleMenuTestUit\ConsoleMenuTestUit.csproj", "{2876368A-1821-4F4D-B3A9-CD13FEF27899}"
	ProjectSection(ProjectDependencies) = postProject
		{6B4DDE34-F9BE-473C-8A91-594480FAB1EE} = {6B4DDE34-F9BE-473C-8A91-594480FAB1EE}
	EndProjectSection
EndProject
Global
	GlobalSection(SolutionConfigurationPlatforms) = preSolution
		Debug|Any CPU = Debug|Any CPU
		Release|Any CPU = Release|Any CPU
	EndGlobalSection
	GlobalSection(ProjectConfigurationPlatforms) = postSolution
		{6B4DDE34-F9BE-473C-8A91-594480FAB1EE}.Debug|Any CPU.ActiveCfg = Debug|Any CPU
		{6B4DDE34-F9BE-473C-8A91-594480FAB1EE}.Debug|Any CPU.Build.0 = Debug|Any CPU
		{6B4DDE34-F9BE-473C-8A91-594480FAB1EE}.Release|Any CPU.ActiveCfg = Release|Any CPU
		{6B4DDE34-F9BE-473C-8A91-594480FAB1EE}.Release|Any CPU.Build.0 = Release|Any CPU
		{2876368A-1821-4F4D-B3A9-CD13FEF27899}.Debug|Any CPU.ActiveCfg = Debug|Any CPU
		{2876368A-1821-4F4D-B3A9-CD13FEF27899}.Debug|Any CPU.Build.0 = Debug|Any CPU
		{2876368A-1821-4F4D-B3A9-CD13FEF27899}.Release|Any CPU.ActiveCfg = Release|Any CPU
		{2876368A-1821-4F4D-B3A9-CD13FEF27899}.Release|Any CPU.Build.0 = Release|Any CPU
	EndGlobalSection
	GlobalSection(SolutionProperties) = preSolution
		HideSolutionNode = FALSE
	EndGlobalSection
	GlobalSection(ExtensibilityGlobals) = postSolution
		SolutionGuid = {0632DA46-DE35-4C75-AFA8-F1A79989369A}
	EndGlobalSection
EndGlobal
